
Microsoft Visual Studio Solution File, Format Version 12.00
# Visual Studio Version 17
VisualStudioVersion = 17.8.34330.188
MinimumVisualStudioVersion = 10.0.40219.1
Project("{FAE04EC0-301F-11D3-BF4B-00C04F79EFBC}") = "crudDapperMicroOrm", "crudDapperMicroOrm\crudDapperMicroOrm.csproj", "{B14AC513-DA60-4B18-94DC-017831C357D3}"
EndProject
Global
	GlobalSection(SolutionConfigurationPlatforms) = preSolution
		Debug|Any CPU = Debug|Any CPU
		Release|Any CPU = Release|Any CPU
	EndGlobalSection
	GlobalSection(ProjectConfigurationPlatforms) = postSolution
		{B14AC513-DA60-4B18-94DC-017831C357D3}.Debug|Any CPU.ActiveCfg = Debug|Any CPU
		{B14AC513-DA60-4B18-94DC-017831C357D3}.Debug|Any CPU.Build.0 = Debug|Any CPU
		{B14AC513-DA60-4B18-94DC-017831C357D3}.Release|Any CPU.ActiveCfg = Release|Any CPU
		{B14AC513-DA60-4B18-94DC-017831C357D3}.Release|Any CPU.Build.0 = Release|Any CPU
	EndGlobalSection
	GlobalSection(SolutionProperties) = preSolution
		HideSolutionNode = FALSE
	EndGlobalSection
	GlobalSection(ExtensibilityGlobals) = postSolution
		SolutionGuid = {60E4F345-6F16-4F33-A08C-B7E5867675C8}
	EndGlobalSection
EndGlobal
